// !$*UTF8*$!
{
	archiveVersion = 1;
	classes = {
	};
	objectVersion = 46;
	objects = {

/* Begin PBXBuildFile section */
		971C9AEF1E5D592300928B0E /* Assets.xcassets in Resources */ = {isa = PBXBuildFile; fileRef = 971C9AEE1E5D592300928B0E /* Assets.xcassets */; };
		971C9AF21E5D592300928B0E /* LaunchScreen.storyboard in Resources */ = {isa = PBXBuildFile; fileRef = 971C9AF01E5D592300928B0E /* LaunchScreen.storyboard */; };
		971C9AFD1E5D5D6D00928B0E /* ULWeatherViewController.swift in Sources */ = {isa = PBXBuildFile; fileRef = 971C9AFC1E5D5D6D00928B0E /* ULWeatherViewController.swift */; };
		971C9AFF1E5D5F5100928B0E /* ULBaseNavigationController.swift in Sources */ = {isa = PBXBuildFile; fileRef = 971C9AFE1E5D5F5100928B0E /* ULBaseNavigationController.swift */; };
		971C9B051E5D7DB000928B0E /* AppDelegate.swift in Sources */ = {isa = PBXBuildFile; fileRef = 971C9B041E5D7DB000928B0E /* AppDelegate.swift */; };
		971C9B091E5D7E6E00928B0E /* ULSidebar.swift in Sources */ = {isa = PBXBuildFile; fileRef = 971C9B081E5D7E6E00928B0E /* ULSidebar.swift */; };
		971C9B0C1E5D832900928B0E /* ULConstants.swift in Sources */ = {isa = PBXBuildFile; fileRef = 971C9B0B1E5D832900928B0E /* ULConstants.swift */; };
		971C9B0F1E5D887D00928B0E /* ULSidebarViewController.swift in Sources */ = {isa = PBXBuildFile; fileRef = 971C9B0E1E5D887D00928B0E /* ULSidebarViewController.swift */; };
/* End PBXBuildFile section */

/* Begin PBXFileReference section */
		971C9AE41E5D592300928B0E /* ULife.app */ = {isa = PBXFileReference; explicitFileType = wrapper.application; includeInIndex = 0; path = ULife.app; sourceTree = BUILT_PRODUCTS_DIR; };
		971C9AEE1E5D592300928B0E /* Assets.xcassets */ = {isa = PBXFileReference; lastKnownFileType = folder.assetcatalog; path = Assets.xcassets; sourceTree = "<group>"; };
		971C9AF11E5D592300928B0E /* Base */ = {isa = PBXFileReference; lastKnownFileType = file.storyboard; name = Base; path = Base.lproj/LaunchScreen.storyboard; sourceTree = "<group>"; };
		971C9AF31E5D592300928B0E /* Info.plist */ = {isa = PBXFileReference; lastKnownFileType = text.plist.xml; path = Info.plist; sourceTree = "<group>"; };
		971C9AFC1E5D5D6D00928B0E /* ULWeatherViewController.swift */ = {isa = PBXFileReference; fileEncoding = 4; lastKnownFileType = sourcecode.swift; path = ULWeatherViewController.swift; sourceTree = "<group>"; };
		971C9AFE1E5D5F5100928B0E /* ULBaseNavigationController.swift */ = {isa = PBXFileReference; fileEncoding = 4; lastKnownFileType = sourcecode.swift; path = ULBaseNavigationController.swift; sourceTree = "<group>"; };
		971C9B041E5D7DB000928B0E /* AppDelegate.swift */ = {isa = PBXFileReference; fileEncoding = 4; lastKnownFileType = sourcecode.swift; path = AppDelegate.swift; sourceTree = "<group>"; };
		971C9B081E5D7E6E00928B0E /* ULSidebar.swift */ = {isa = PBXFileReference; fileEncoding = 4; lastKnownFileType = sourcecode.swift; path = ULSidebar.swift; sourceTree = "<group>"; };
		971C9B0B1E5D832900928B0E /* ULConstants.swift */ = {isa = PBXFileReference; fileEncoding = 4; lastKnownFileType = sourcecode.swift; path = ULConstants.swift; sourceTree = "<group>"; };
		971C9B0E1E5D887D00928B0E /* ULSidebarViewController.swift */ = {isa = PBXFileReference; fileEncoding = 4; lastKnownFileType = sourcecode.swift; path = ULSidebarViewController.swift; sourceTree = "<group>"; };
/* End PBXFileReference section */

/* Begin PBXFrameworksBuildPhase section */
		971C9AE11E5D592300928B0E /* Frameworks */ = {
			isa = PBXFrameworksBuildPhase;
			buildActionMask = 2147483647;
			files = (
			);
			runOnlyForDeploymentPostprocessing = 0;
		};
/* End PBXFrameworksBuildPhase section */

/* Begin PBXGroup section */
		971C9ADB1E5D592300928B0E = {
			isa = PBXGroup;
			children = (
				971C9AE61E5D592300928B0E /* ULife */,
				971C9AE51E5D592300928B0E /* Products */,
			);
			sourceTree = "<group>";
		};
		971C9AE51E5D592300928B0E /* Products */ = {
			isa = PBXGroup;
			children = (
				971C9AE41E5D592300928B0E /* ULife.app */,
			);
			name = Products;
			sourceTree = "<group>";
		};
		971C9AE61E5D592300928B0E /* ULife */ = {
			isa = PBXGroup;
			children = (
				971C9B0A1E5D830600928B0E /* Macros */,
				971C9B061E5D7E4D00928B0E /* View */,
				971C9B031E5D7DB000928B0E /* AppDelegate */,
				971C9AF91E5D5D1700928B0E /* ViewController */,
				971C9AEE1E5D592300928B0E /* Assets.xcassets */,
				971C9AF01E5D592300928B0E /* LaunchScreen.storyboard */,
				971C9AF31E5D592300928B0E /* Info.plist */,
			);
			path = ULife;
			sourceTree = "<group>";
		};
		971C9AF91E5D5D1700928B0E /* ViewController */ = {
			isa = PBXGroup;
			children = (
				971C9B0D1E5D885600928B0E /* Sidebar */,
				971C9AFA1E5D5D4900928B0E /* Base */,
				971C9AFB1E5D5D4900928B0E /* Weather */,
			);
			path = ViewController;
			sourceTree = "<group>";
		};
		971C9AFA1E5D5D4900928B0E /* Base */ = {
			isa = PBXGroup;
			children = (
				971C9AFE1E5D5F5100928B0E /* ULBaseNavigationController.swift */,
			);
			path = Base;
			sourceTree = "<group>";
		};
		971C9AFB1E5D5D4900928B0E /* Weather */ = {
			isa = PBXGroup;
			children = (
				971C9AFC1E5D5D6D00928B0E /* ULWeatherViewController.swift */,
			);
			path = Weather;
			sourceTree = "<group>";
		};
		971C9B031E5D7DB000928B0E /* AppDelegate */ = {
			isa = PBXGroup;
			children = (
				971C9B041E5D7DB000928B0E /* AppDelegate.swift */,
			);
			path = AppDelegate;
			sourceTree = "<group>";
		};
		971C9B061E5D7E4D00928B0E /* View */ = {
			isa = PBXGroup;
			children = (
				971C9B071E5D7E4D00928B0E /* Sidebar */,
			);
			path = View;
			sourceTree = "<group>";
		};
		971C9B071E5D7E4D00928B0E /* Sidebar */ = {
			isa = PBXGroup;
			children = (
				971C9B081E5D7E6E00928B0E /* ULSidebar.swift */,
			);
			path = Sidebar;
			sourceTree = "<group>";
		};
		971C9B0A1E5D830600928B0E /* Macros */ = {
			isa = PBXGroup;
			children = (
				971C9B0B1E5D832900928B0E /* ULConstants.swift */,
			);
			path = Macros;
			sourceTree = "<group>";
		};
		971C9B0D1E5D885600928B0E /* Sidebar */ = {
			isa = PBXGroup;
			children = (
				971C9B0E1E5D887D00928B0E /* ULSidebarViewController.swift */,
			);
			path = Sidebar;
			sourceTree = "<group>";
		};
/* End PBXGroup section */

/* Begin PBXNativeTarget section */
		971C9AE31E5D592300928B0E /* ULife */ = {
			isa = PBXNativeTarget;
			buildConfigurationList = 971C9AF61E5D592300928B0E /* Build configuration list for PBXNativeTarget "ULife" */;
			buildPhases = (
				971C9AE01E5D592300928B0E /* Sources */,
				971C9AE11E5D592300928B0E /* Frameworks */,
				971C9AE21E5D592300928B0E /* Resources */,
			);
			buildRules = (
			);
			dependencies = (
			);
			name = ULife;
			productName = ULife;
			productReference = 971C9AE41E5D592300928B0E /* ULife.app */;
			productType = "com.apple.product-type.application";
		};
/* End PBXNativeTarget section */

/* Begin PBXProject section */
		971C9ADC1E5D592300928B0E /* Project object */ = {
			isa = PBXProject;
			attributes = {
				LastSwiftUpdateCheck = 0820;
				LastUpgradeCheck = 0820;
				ORGANIZATIONNAME = codeLocker;
				TargetAttributes = {
					971C9AE31E5D592300928B0E = {
						CreatedOnToolsVersion = 8.2.1;
						DevelopmentTeam = 72MV6GX6X6;
						ProvisioningStyle = Manual;
					};
				};
			};
			buildConfigurationList = 971C9ADF1E5D592300928B0E /* Build configuration list for PBXProject "ULife" */;
			compatibilityVersion = "Xcode 3.2";
			developmentRegion = English;
			hasScannedForEncodings = 0;
			knownRegions = (
				en,
				Base,
			);
			mainGroup = 971C9ADB1E5D592300928B0E;
			productRefGroup = 971C9AE51E5D592300928B0E /* Products */;
			projectDirPath = "";
			projectRoot = "";
			targets = (
				971C9AE31E5D592300928B0E /* ULife */,
			);
		};
/* End PBXProject section */

/* Begin PBXResourcesBuildPhase section */
		971C9AE21E5D592300928B0E /* Resources */ = {
			isa = PBXResourcesBuildPhase;
			buildActionMask = 2147483647;
			files = (
				971C9AF21E5D592300928B0E /* LaunchScreen.storyboard in Resources */,
				971C9AEF1E5D592300928B0E /* Assets.xcassets in Resources */,
			);
			runOnlyForDeploymentPostprocessing = 0;
		};
/* End PBXResourcesBuildPhase section */

/* Begin PBXSourcesBuildPhase section */
		971C9AE01E5D592300928B0E /* Sources */ = {
			isa = PBXSourcesBuildPhase;
			buildActionMask = 2147483647;
			files = (
				971C9B051E5D7DB000928B0E /* AppDelegate.swift in Sources */,
				971C9B091E5D7E6E00928B0E /* ULSidebar.swift in Sources */,
				971C9B0F1E5D887D00928B0E /* ULSidebarViewController.swift in Sources */,
				971C9AFD1E5D5D6D00928B0E /* ULWeatherViewController.swift in Sources */,
				971C9AFF1E5D5F5100928B0E /* ULBaseNavigationController.swift in Sources */,
				971C9B0C1E5D832900928B0E /* ULConstants.swift in Sources */,
			);
			runOnlyForDeploymentPostprocessing = 0;
		};
/* End PBXSourcesBuildPhase section */

/* Begin PBXVariantGroup section */
		971C9AF01E5D592300928B0E /* LaunchScreen.storyboard */ = {
			isa = PBXVariantGroup;
			children = (
				971C9AF11E5D592300928B0E /* Base */,
			);
			name = LaunchScreen.storyboard;
			sourceTree = "<group>";
		};
/* End PBXVariantGroup section */

/* Begin XCBuildConfiguration section */
		971C9AF41E5D592300928B0E /* Debug */ = {
			isa = XCBuildConfiguration;
			buildSettings = {
				ALWAYS_SEARCH_USER_PATHS = NO;
				CLANG_ANALYZER_NONNULL = YES;
				CLANG_CXX_LANGUAGE_STANDARD = "gnu++0x";
				CLANG_CXX_LIBRARY = "libc++";
				CLANG_ENABLE_MODULES = YES;
				CLANG_ENABLE_OBJC_ARC = YES;
				CLANG_WARN_BOOL_CONVERSION = YES;
				CLANG_WARN_CONSTANT_CONVERSION = YES;
				CLANG_WARN_DIRECT_OBJC_ISA_USAGE = YES_ERROR;
				CLANG_WARN_DOCUMENTATION_COMMENTS = YES;
				CLANG_WARN_EMPTY_BODY = YES;
				CLANG_WARN_ENUM_CONVERSION = YES;
				CLANG_WARN_INFINITE_RECURSION = YES;
				CLANG_WARN_INT_CONVERSION = YES;
				CLANG_WARN_OBJC_ROOT_CLASS = YES_ERROR;
				CLANG_WARN_SUSPICIOUS_MOVE = YES;
				CLANG_WARN_UNREACHABLE_CODE = YES;
				CLANG_WARN__DUPLICATE_METHOD_MATCH = YES;
				CODE_SIGN_IDENTITY = "iPhone Developer: 章 徐 (8Q7EBYUPDX)";
				"CODE_SIGN_IDENTITY[sdk=iphoneos*]" = "iPhone Developer: 章 徐 (8Q7EBYUPDX)";
				COPY_PHASE_STRIP = NO;
				DEBUG_INFORMATION_FORMAT = dwarf;
				ENABLE_STRICT_OBJC_MSGSEND = YES;
				ENABLE_TESTABILITY = YES;
				GCC_C_LANGUAGE_STANDARD = gnu99;
				GCC_DYNAMIC_NO_PIC = NO;
				GCC_NO_COMMON_BLOCKS = YES;
				GCC_OPTIMIZATION_LEVEL = 0;
				GCC_PREPROCESSOR_DEFINITIONS = (
					"DEBUG=1",
					"$(inherited)",
				);
				GCC_WARN_64_TO_32_BIT_CONVERSION = YES;
				GCC_WARN_ABOUT_RETURN_TYPE = YES_ERROR;
				GCC_WARN_UNDECLARED_SELECTOR = YES;
				GCC_WARN_UNINITIALIZED_AUTOS = YES_AGGRESSIVE;
				GCC_WARN_UNUSED_FUNCTION = YES;
				GCC_WARN_UNUSED_VARIABLE = YES;
				IPHONEOS_DEPLOYMENT_TARGET = 10.2;
				MTL_ENABLE_DEBUG_INFO = YES;
				ONLY_ACTIVE_ARCH = YES;
				SDKROOT = iphoneos;
				SWIFT_ACTIVE_COMPILATION_CONDITIONS = DEBUG;
				SWIFT_OPTIMIZATION_LEVEL = "-Onone";
				TARGETED_DEVICE_FAMILY = "1,2";
			};
			name = Debug;
		};
		971C9AF51E5D592300928B0E /* Release */ = {
			isa = XCBuildConfiguration;
			buildSettings = {
				ALWAYS_SEARCH_USER_PATHS = NO;
				CLANG_ANALYZER_NONNULL = YES;
				CLANG_CXX_LANGUAGE_STANDARD = "gnu++0x";
				CLANG_CXX_LIBRARY = "libc++";
				CLANG_ENABLE_MODULES = YES;
				CLANG_ENABLE_OBJC_ARC = YES;
				CLANG_WARN_BOOL_CONVERSION = YES;
				CLANG_WARN_CONSTANT_CONVERSION = YES;
				CLANG_WARN_DIRECT_OBJC_ISA_USAGE = YES_ERROR;
				CLANG_WARN_DOCUMENTATION_COMMENTS = YES;
				CLANG_WARN_EMPTY_BODY = YES;
				CLANG_WARN_ENUM_CONVERSION = YES;
				CLANG_WARN_INFINITE_RECURSION = YES;
				CLANG_WARN_INT_CONVERSION = YES;
				CLANG_WARN_OBJC_ROOT_CLASS = YES_ERROR;
				CLANG_WARN_SUSPICIOUS_MOVE = YES;
				CLANG_WARN_UNREACHABLE_CODE = YES;
				CLANG_WARN__DUPLICATE_METHOD_MATCH = YES;
				CODE_SIGN_IDENTITY = "iPhone Developer: 章 徐 (8Q7EBYUPDX)";
				"CODE_SIGN_IDENTITY[sdk=iphoneos*]" = "iPhone Developer: 章 徐 (8Q7EBYUPDX)";
				COPY_PHASE_STRIP = NO;
				DEBUG_INFORMATION_FORMAT = "dwarf-with-dsym";
				ENABLE_NS_ASSERTIONS = NO;
				ENABLE_STRICT_OBJC_MSGSEND = YES;
				GCC_C_LANGUAGE_STANDARD = gnu99;
				GCC_NO_COMMON_BLOCKS = YES;
				GCC_WARN_64_TO_32_BIT_CONVERSION = YES;
				GCC_WARN_ABOUT_RETURN_TYPE = YES_ERROR;
				GCC_WARN_UNDECLARED_SELECTOR = YES;
				GCC_WARN_UNINITIALIZED_AUTOS = YES_AGGRESSIVE;
				GCC_WARN_UNUSED_FUNCTION = YES;
				GCC_WARN_UNUSED_VARIABLE = YES;
				IPHONEOS_DEPLOYMENT_TARGET = 10.2;
				MTL_ENABLE_DEBUG_INFO = NO;
				SDKROOT = iphoneos;
				SWIFT_OPTIMIZATION_LEVEL = "-Owholemodule";
				TARGETED_DEVICE_FAMILY = "1,2";
				VALIDATE_PRODUCT = YES;
			};
			name = Release;
		};
		971C9AF71E5D592300928B0E /* Debug */ = {
			isa = XCBuildConfiguration;
			buildSettings = {
				ASSETCATALOG_COMPILER_APPICON_NAME = AppIcon;
				DEVELOPMENT_TEAM = 72MV6GX6X6;
				INFOPLIST_FILE = ULife/Info.plist;
				IPHONEOS_DEPLOYMENT_TARGET = 10.0;
				LD_RUNPATH_SEARCH_PATHS = "$(inherited) @executable_path/Frameworks";
				PRODUCT_BUNDLE_IDENTIFIER = com.codelocker.ulife;
				PRODUCT_NAME = "$(TARGET_NAME)";
				PROVISIONING_PROFILE = "d5a4cb61-b345-4d23-a5e0-bd997045c39f";
				PROVISIONING_PROFILE_SPECIFIER = ulife_development;
				SWIFT_VERSION = 3.0;
				TARGETED_DEVICE_FAMILY = 1;
			};
			name = Debug;
		};
		971C9AF81E5D592300928B0E /* Release */ = {
			isa = XCBuildConfiguration;
			buildSettings = {
				ASSETCATALOG_COMPILER_APPICON_NAME = AppIcon;
				DEVELOPMENT_TEAM = "";
				INFOPLIST_FILE = ULife/Info.plist;
				IPHONEOS_DEPLOYMENT_TARGET = 10.0;
				LD_RUNPATH_SEARCH_PATHS = "$(inherited) @executable_path/Frameworks";
				PRODUCT_BUNDLE_IDENTIFIER = com.codelocker.ulife;
				PRODUCT_NAME = "$(TARGET_NAME)";
				SWIFT_VERSION = 3.0;
				TARGETED_DEVICE_FAMILY = 1;
			};
			name = Release;
		};
/* End XCBuildConfiguration section */

/* Begin XCConfigurationList section */
		971C9ADF1E5D592300928B0E /* Build configuration list for PBXProject "ULife" */ = {
			isa = XCConfigurationList;
			buildConfigurations = (
				971C9AF41E5D592300928B0E /* Debug */,
				971C9AF51E5D592300928B0E /* Release */,
			);
			defaultConfigurationIsVisible = 0;
			defaultConfigurationName = Release;
		};
		971C9AF61E5D592300928B0E /* Build configuration list for PBXNativeTarget "ULife" */ = {
			isa = XCConfigurationList;
			buildConfigurations = (
				971C9AF71E5D592300928B0E /* Debug */,
				971C9AF81E5D592300928B0E /* Release */,
			);
			defaultConfigurationIsVisible = 0;
			defaultConfigurationName = Release;
		};
/* End XCConfigurationList section */
	};
	rootObject = 971C9ADC1E5D592300928B0E /* Project object */;
}
